schema: '2.0'
stages:
  data_ingestion:
    cmd: python src/CancerClassification/pipeline/stage_01_data_ingestion.py
    deps:
    - path: config/config.yaml
      hash: md5
      md5: 2d349678c12550ed9bc056fa8bdd3796
      size: 845
    - path: src/CancerClassification/pipeline/stage_01_data_ingestion.py
      hash: md5
      md5: 0624236cb4d2c09b78492a72ea9fa672
      size: 935
    outs:
    - path: artifacts/data_ingestion/Chest-CT-Scan-data
      hash: md5
      md5: 904fa45d934ce879b3b1933dca6cb2f1.dir
      size: 49247431
      nfiles: 343
  prepare_base_model:
    cmd: python src/CancerClassification/pipeline/stage_02_prepare_base_model.py
    deps:
    - path: config/config.yaml
      hash: md5
      md5: 2d349678c12550ed9bc056fa8bdd3796
      size: 845
    - path: src/CancerClassification/pipeline/stage_02_prepare_base_model.py
      hash: md5
      md5: 4c8b788c68422a816db9fed7932eccad
      size: 1052
    params:
      params.yaml:
        CLASSES: 2
        IMAGE_SIZE:
        - 224
        - 224
        - 3
        INCLUDE_TOP: false
        LEARNING_RATE: 0.01
        WEIGHTS: imagenet
    outs:
    - path: artifacts/prepare_base_model_VGG19
      hash: md5
      md5: 9fa4590a6b50ed08e27b41bad7313edb.dir
      size: 118054560
      nfiles: 2
  training:
    cmd: python src/CancerClassification/pipeline/stage_03_model_training.py
    deps:
    - path: artifacts/data_ingestion/Chest-CT-Scan-data
      hash: md5
      md5: 904fa45d934ce879b3b1933dca6cb2f1.dir
      size: 49247431
      nfiles: 343
    - path: artifacts/prepare_base_model_VGG19
      hash: md5
      md5: 9fa4590a6b50ed08e27b41bad7313edb.dir
      size: 118054560
      nfiles: 2
    - path: config/config.yaml
      hash: md5
      md5: 2d349678c12550ed9bc056fa8bdd3796
      size: 845
    - path: src/CancerClassification/pipeline/stage_03_model_training.py
      hash: md5
      md5: 8de71d1489673d83644cbce355f5f5ca
      size: 983
    params:
      params.yaml:
        AUGMENTATION: true
        BATCH_SIZE: 16
        EPOCHS: 5
        IMAGE_SIZE:
        - 224
        - 224
        - 3
    outs:
    - path: artifacts/training/model.h5
      hash: md5
      md5: 4276e63dbdeffdd01e2334539e4a93ef
      size: 59337520
  evaluation:
    cmd: python src/CancerClassification/pipeline/stage_04_model_evaluation.py
    deps:
    - path: artifacts/data_ingestion/Chest-CT-Scan-data
      hash: md5
      md5: 904fa45d934ce879b3b1933dca6cb2f1.dir
      size: 49247431
      nfiles: 343
    - path: artifacts/training/model.h5
      hash: md5
      md5: 4276e63dbdeffdd01e2334539e4a93ef
      size: 59337520
    - path: config/config.yaml
      hash: md5
      md5: 2d349678c12550ed9bc056fa8bdd3796
      size: 845
    - path: src/CancerClassification/pipeline/stage_04_model_evaluation.py
      hash: md5
      md5: bed6d61d8a443959dd7d442be9fd0f11
      size: 977
    params:
      params.yaml:
        BATCH_SIZE: 16
        IMAGE_SIZE:
        - 224
        - 224
        - 3
    outs:
    - path: scores.json
      hash: md5
      md5: c1217be2108ebe27c075c53e4e591ee4
      size: 61
